
Microsoft Visual Studio Solution File, Format Version 12.00
# Visual Studio Version 17
VisualStudioVersion = 17.5.33627.172
MinimumVisualStudioVersion = 10.0.40219.1
Project("{9A19103F-16F7-4668-BE54-9A1E7A4F7556}") = "PublicAPI", "WeatherService\PublicAPI.csproj", "{C441C433-A9C2-4564-9BC6-6802CD384360}"
EndProject
Project("{9A19103F-16F7-4668-BE54-9A1E7A4F7556}") = "ApplicationCore", "ApplicationCore\ApplicationCore.csproj", "{25597460-82C1-418D-8BA3-7F71A299316A}"
EndProject
Project("{9A19103F-16F7-4668-BE54-9A1E7A4F7556}") = "Infrastructure", "Infrastructure\Infrastructure.csproj", "{8C5FE686-4979-4618-A564-F1DAB166BC51}"
EndProject
Project("{9A19103F-16F7-4668-BE54-9A1E7A4F7556}") = "BlazorShared", "BlazorShared\BlazorShared.csproj", "{83657C5C-9553-4C51-A066-604885757CE1}"
EndProject
Project("{9A19103F-16F7-4668-BE54-9A1E7A4F7556}") = "BlazorAdmin", "BlazorAdmin\BlazorAdmin.csproj", "{04D2E88F-C0EC-451A-B28E-2000F3C8C08F}"
EndProject
Project("{2150E333-8FDC-42A3-9474-1A3956D46DE8}") = "Solution Items", "Solution Items", "{98D0AC1A-C7FF-43A5-8F4F-B33B9B1F9B0F}"
	ProjectSection(SolutionItems) = preProject
		docker-compose.override.yml = docker-compose.override.yml
		docker-compose.yml = docker-compose.yml
	EndProjectSection
EndProject
Global
	GlobalSection(SolutionConfigurationPlatforms) = preSolution
		Debug|Any CPU = Debug|Any CPU
		Release|Any CPU = Release|Any CPU
	EndGlobalSection
	GlobalSection(ProjectConfigurationPlatforms) = postSolution
		{C441C433-A9C2-4564-9BC6-6802CD384360}.Debug|Any CPU.ActiveCfg = Debug|Any CPU
		{C441C433-A9C2-4564-9BC6-6802CD384360}.Debug|Any CPU.Build.0 = Debug|Any CPU
		{C441C433-A9C2-4564-9BC6-6802CD384360}.Release|Any CPU.ActiveCfg = Release|Any CPU
		{C441C433-A9C2-4564-9BC6-6802CD384360}.Release|Any CPU.Build.0 = Release|Any CPU
		{25597460-82C1-418D-8BA3-7F71A299316A}.Debug|Any CPU.ActiveCfg = Debug|Any CPU
		{25597460-82C1-418D-8BA3-7F71A299316A}.Debug|Any CPU.Build.0 = Debug|Any CPU
		{25597460-82C1-418D-8BA3-7F71A299316A}.Release|Any CPU.ActiveCfg = Release|Any CPU
		{25597460-82C1-418D-8BA3-7F71A299316A}.Release|Any CPU.Build.0 = Release|Any CPU
		{8C5FE686-4979-4618-A564-F1DAB166BC51}.Debug|Any CPU.ActiveCfg = Debug|Any CPU
		{8C5FE686-4979-4618-A564-F1DAB166BC51}.Debug|Any CPU.Build.0 = Debug|Any CPU
		{8C5FE686-4979-4618-A564-F1DAB166BC51}.Release|Any CPU.ActiveCfg = Release|Any CPU
		{8C5FE686-4979-4618-A564-F1DAB166BC51}.Release|Any CPU.Build.0 = Release|Any CPU
		{83657C5C-9553-4C51-A066-604885757CE1}.Debug|Any CPU.ActiveCfg = Debug|Any CPU
		{83657C5C-9553-4C51-A066-604885757CE1}.Debug|Any CPU.Build.0 = Debug|Any CPU
		{83657C5C-9553-4C51-A066-604885757CE1}.Release|Any CPU.ActiveCfg = Release|Any CPU
		{83657C5C-9553-4C51-A066-604885757CE1}.Release|Any CPU.Build.0 = Release|Any CPU
		{04D2E88F-C0EC-451A-B28E-2000F3C8C08F}.Debug|Any CPU.ActiveCfg = Debug|Any CPU
		{04D2E88F-C0EC-451A-B28E-2000F3C8C08F}.Debug|Any CPU.Build.0 = Debug|Any CPU
		{04D2E88F-C0EC-451A-B28E-2000F3C8C08F}.Release|Any CPU.ActiveCfg = Release|Any CPU
		{04D2E88F-C0EC-451A-B28E-2000F3C8C08F}.Release|Any CPU.Build.0 = Release|Any CPU
	EndGlobalSection
	GlobalSection(SolutionProperties) = preSolution
		HideSolutionNode = FALSE
	EndGlobalSection
	GlobalSection(ExtensibilityGlobals) = postSolution
		SolutionGuid = {747EED85-D355-4A3B-BC65-A910088C1F9D}
	EndGlobalSection
EndGlobal
